
Microsoft Visual Studio Solution File, Format Version 12.00
Project("{FAE04EC0-301F-11D3-BF4B-00C04F79EFBC}") = "TriangleTask", "TriangleTask\TriangleTask.csproj", "{39A25527-DF6D-4C04-ADD4-87631A23614C}"
EndProject
Project("{FAE04EC0-301F-11D3-BF4B-00C04F79EFBC}") = "TriangleTask.Tests", "TriangleTask.Tests\TriangleTask.Tests.csproj", "{75161762-48DB-4E78-AF38-2DD12D2B02FC}"
EndProject
Global
	GlobalSection(SolutionConfigurationPlatforms) = preSolution
		Debug|Any CPU = Debug|Any CPU
		Release|Any CPU = Release|Any CPU
	EndGlobalSection
	GlobalSection(ProjectConfigurationPlatforms) = postSolution
		{39A25527-DF6D-4C04-ADD4-87631A23614C}.Debug|Any CPU.ActiveCfg = Debug|Any CPU
		{39A25527-DF6D-4C04-ADD4-87631A23614C}.Debug|Any CPU.Build.0 = Debug|Any CPU
		{39A25527-DF6D-4C04-ADD4-87631A23614C}.Release|Any CPU.ActiveCfg = Release|Any CPU
		{39A25527-DF6D-4C04-ADD4-87631A23614C}.Release|Any CPU.Build.0 = Release|Any CPU
		{75161762-48DB-4E78-AF38-2DD12D2B02FC}.Debug|Any CPU.ActiveCfg = Debug|Any CPU
		{75161762-48DB-4E78-AF38-2DD12D2B02FC}.Debug|Any CPU.Build.0 = Debug|Any CPU
		{75161762-48DB-4E78-AF38-2DD12D2B02FC}.Release|Any CPU.ActiveCfg = Release|Any CPU
		{75161762-48DB-4E78-AF38-2DD12D2B02FC}.Release|Any CPU.Build.0 = Release|Any CPU
	EndGlobalSection
EndGlobal
